
Microsoft Visual Studio Solution File, Format Version 12.00
# Visual Studio 15
VisualStudioVersion = 15.0.28307.1169
MinimumVisualStudioVersion = 10.0.40219.1
Project("{FAE04EC0-301F-11D3-BF4B-00C04F79EFBC}") = "kitapsatıs", "harrypotter\kitapsatıs.csproj", "{AF704033-2117-41F5-B53D-662131EF795E}"
EndProject
Global
	GlobalSection(SolutionConfigurationPlatforms) = preSolution
		Debug|Any CPU = Debug|Any CPU
		Release|Any CPU = Release|Any CPU
	EndGlobalSection
	GlobalSection(ProjectConfigurationPlatforms) = postSolution
		{AF704033-2117-41F5-B53D-662131EF795E}.Debug|Any CPU.ActiveCfg = Debug|Any CPU
		{AF704033-2117-41F5-B53D-662131EF795E}.Debug|Any CPU.Build.0 = Debug|Any CPU
		{AF704033-2117-41F5-B53D-662131EF795E}.Release|Any CPU.ActiveCfg = Release|Any CPU
		{AF704033-2117-41F5-B53D-662131EF795E}.Release|Any CPU.Build.0 = Release|Any CPU
	EndGlobalSection
	GlobalSection(SolutionProperties) = preSolution
		HideSolutionNode = FALSE
	EndGlobalSection
	GlobalSection(ExtensibilityGlobals) = postSolution
		SolutionGuid = {AD6EB28B-9D3A-467C-B80F-3A22D7A3F899}
	EndGlobalSection
EndGlobal
